// !$*UTF8*$!
{
	archiveVersion = 1;
	classes = {
	};
	objectVersion = 46;
	objects = {

/* Begin PBXAggregateTarget section */
		"EasyStash::EasyStashPackageTests::ProductTarget" /* EasyStashPackageTests */ = {
			isa = PBXAggregateTarget;
			buildConfigurationList = OBJ_55 /* Build configuration list for PBXAggregateTarget "EasyStashPackageTests" */;
			buildPhases = (
			);
			dependencies = (
				OBJ_58 /* PBXTargetDependency */,
			);
			name = EasyStashPackageTests;
			productName = EasyStashPackageTests;
		};
/* End PBXAggregateTarget section */

/* Begin PBXBuildFile section */
		OBJ_40 /* Options.swift in Sources */ = {isa = PBXBuildFile; fileRef = OBJ_8 /* Options.swift */; };
		OBJ_41 /* Storage+Codable.swift in Sources */ = {isa = PBXBuildFile; fileRef = OBJ_9 /* Storage+Codable.swift */; };
		OBJ_42 /* Storage+Data.swift in Sources */ = {isa = PBXBuildFile; fileRef = OBJ_10 /* Storage+Data.swift */; };
		OBJ_43 /* Storage+Image.swift in Sources */ = {isa = PBXBuildFile; fileRef = OBJ_11 /* Storage+Image.swift */; };
		OBJ_44 /* Storage+Info.swift in Sources */ = {isa = PBXBuildFile; fileRef = OBJ_12 /* Storage+Info.swift */; };
		OBJ_45 /* Storage.swift in Sources */ = {isa = PBXBuildFile; fileRef = OBJ_13 /* Storage.swift */; };
		OBJ_46 /* Utils.swift in Sources */ = {isa = PBXBuildFile; fileRef = OBJ_14 /* Utils.swift */; };
		OBJ_53 /* Package.swift in Sources */ = {isa = PBXBuildFile; fileRef = OBJ_6 /* Package.swift */; };
		OBJ_64 /* EasyStashTests.swift in Sources */ = {isa = PBXBuildFile; fileRef = OBJ_17 /* EasyStashTests.swift */; };
		OBJ_65 /* ImageGenerate.swift in Sources */ = {isa = PBXBuildFile; fileRef = OBJ_18 /* ImageGenerate.swift */; };
		OBJ_66 /* SharedTests.swift in Sources */ = {isa = PBXBuildFile; fileRef = OBJ_19 /* SharedTests.swift */; };
		OBJ_67 /* User.swift in Sources */ = {isa = PBXBuildFile; fileRef = OBJ_20 /* User.swift */; };
		OBJ_68 /* XCTestManifests.swift in Sources */ = {isa = PBXBuildFile; fileRef = OBJ_21 /* XCTestManifests.swift */; };
		OBJ_69 /* iOSTests.swift in Sources */ = {isa = PBXBuildFile; fileRef = OBJ_22 /* iOSTests.swift */; };
		OBJ_70 /* macOSTests.swift in Sources */ = {isa = PBXBuildFile; fileRef = OBJ_23 /* macOSTests.swift */; };
		OBJ_72 /* EasyStash.framework in Frameworks */ = {isa = PBXBuildFile; fileRef = "EasyStash::EasyStash::Product" /* EasyStash.framework */; };
/* End PBXBuildFile section */

/* Begin PBXContainerItemProxy section */
		CE2C272023F9CC7C00AA2388 /* PBXContainerItemProxy */ = {
			isa = PBXContainerItemProxy;
			containerPortal = OBJ_1 /* Project object */;
			proxyType = 1;
			remoteGlobalIDString = "EasyStash::EasyStash";
			remoteInfo = EasyStash;
		};
		CE2C272123F9CC7C00AA2388 /* PBXContainerItemProxy */ = {
			isa = PBXContainerItemProxy;
			containerPortal = OBJ_1 /* Project object */;
			proxyType = 1;
			remoteGlobalIDString = "EasyStash::EasyStashTests";
			remoteInfo = EasyStashTests;
		};
/* End PBXContainerItemProxy section */

/* Begin PBXFileReference section */
		"EasyStash::EasyStash::Product" /* EasyStash.framework */ = {isa = PBXFileReference; explicitFileType = wrapper.framework; path = EasyStash.framework; sourceTree = BUILT_PRODUCTS_DIR; };
		"EasyStash::EasyStashTests::Product" /* EasyStashTests.xctest */ = {isa = PBXFileReference; lastKnownFileType = file; path = EasyStashTests.xctest; sourceTree = BUILT_PRODUCTS_DIR; };
		OBJ_10 /* Storage+Data.swift */ = {isa = PBXFileReference; lastKnownFileType = sourcecode.swift; path = "Storage+Data.swift"; sourceTree = "<group>"; };
		OBJ_11 /* Storage+Image.swift */ = {isa = PBXFileReference; lastKnownFileType = sourcecode.swift; path = "Storage+Image.swift"; sourceTree = "<group>"; };
		OBJ_12 /* Storage+Info.swift */ = {isa = PBXFileReference; lastKnownFileType = sourcecode.swift; path = "Storage+Info.swift"; sourceTree = "<group>"; };
		OBJ_13 /* Storage.swift */ = {isa = PBXFileReference; lastKnownFileType = sourcecode.swift; path = Storage.swift; sourceTree = "<group>"; };
		OBJ_14 /* Utils.swift */ = {isa = PBXFileReference; lastKnownFileType = sourcecode.swift; path = Utils.swift; sourceTree = "<group>"; };
		OBJ_17 /* EasyStashTests.swift */ = {isa = PBXFileReference; lastKnownFileType = sourcecode.swift; path = EasyStashTests.swift; sourceTree = "<group>"; };
		OBJ_18 /* ImageGenerate.swift */ = {isa = PBXFileReference; lastKnownFileType = sourcecode.swift; path = ImageGenerate.swift; sourceTree = "<group>"; };
		OBJ_19 /* SharedTests.swift */ = {isa = PBXFileReference; lastKnownFileType = sourcecode.swift; path = SharedTests.swift; sourceTree = "<group>"; };
		OBJ_20 /* User.swift */ = {isa = PBXFileReference; lastKnownFileType = sourcecode.swift; path = User.swift; sourceTree = "<group>"; };
		OBJ_21 /* XCTestManifests.swift */ = {isa = PBXFileReference; lastKnownFileType = sourcecode.swift; path = XCTestManifests.swift; sourceTree = "<group>"; };
		OBJ_22 /* iOSTests.swift */ = {isa = PBXFileReference; lastKnownFileType = sourcecode.swift; path = iOSTests.swift; sourceTree = "<group>"; };
		OBJ_23 /* macOSTests.swift */ = {isa = PBXFileReference; lastKnownFileType = sourcecode.swift; path = macOSTests.swift; sourceTree = "<group>"; };
		OBJ_27 /* Screenshots */ = {isa = PBXFileReference; lastKnownFileType = folder; path = Screenshots; sourceTree = SOURCE_ROOT; };
		OBJ_28 /* Example */ = {isa = PBXFileReference; lastKnownFileType = text; path = Example; sourceTree = SOURCE_ROOT; };
		OBJ_29 /* Info */ = {isa = PBXFileReference; lastKnownFileType = folder; path = Info; sourceTree = SOURCE_ROOT; };
		OBJ_30 /* DerivedData */ = {isa = PBXFileReference; lastKnownFileType = text; path = DerivedData; sourceTree = SOURCE_ROOT; };
		OBJ_31 /* LICENSE.md */ = {isa = PBXFileReference; lastKnownFileType = net.daringfireball.markdown; path = LICENSE.md; sourceTree = "<group>"; };
		OBJ_32 /* EasyStash.podspec */ = {isa = PBXFileReference; lastKnownFileType = text; path = EasyStash.podspec; sourceTree = "<group>"; };
		OBJ_33 /* README.md */ = {isa = PBXFileReference; lastKnownFileType = net.daringfireball.markdown; path = README.md; sourceTree = "<group>"; };
		OBJ_34 /* CONTRIBUTING.md */ = {isa = PBXFileReference; lastKnownFileType = net.daringfireball.markdown; path = CONTRIBUTING.md; sourceTree = "<group>"; };
		OBJ_6 /* Package.swift */ = {isa = PBXFileReference; explicitFileType = sourcecode.swift; path = Package.swift; sourceTree = "<group>"; };
		OBJ_8 /* Options.swift */ = {isa = PBXFileReference; lastKnownFileType = sourcecode.swift; path = Options.swift; sourceTree = "<group>"; };
		OBJ_9 /* Storage+Codable.swift */ = {isa = PBXFileReference; lastKnownFileType = sourcecode.swift; path = "Storage+Codable.swift"; sourceTree = "<group>"; };
/* End PBXFileReference section */

/* Begin PBXFrameworksBuildPhase section */
		OBJ_47 /* Frameworks */ = {
			isa = PBXFrameworksBuildPhase;
			buildActionMask = 0;
			files = (
			);
			runOnlyForDeploymentPostprocessing = 0;
		};
		OBJ_71 /* Frameworks */ = {
			isa = PBXFrameworksBuildPhase;
			buildActionMask = 0;
			files = (
				OBJ_72 /* EasyStash.framework in Frameworks */,
			);
			runOnlyForDeploymentPostprocessing = 0;
		};
/* End PBXFrameworksBuildPhase section */

/* Begin PBXGroup section */
		OBJ_15 /* Tests */ = {
			isa = PBXGroup;
			children = (
				OBJ_16 /* EasyStashTests */,
			);
			name = Tests;
			sourceTree = SOURCE_ROOT;
		};
		OBJ_16 /* EasyStashTests */ = {
			isa = PBXGroup;
			children = (
				OBJ_17 /* EasyStashTests.swift */,
				OBJ_18 /* ImageGenerate.swift */,
				OBJ_19 /* SharedTests.swift */,
				OBJ_20 /* User.swift */,
				OBJ_21 /* XCTestManifests.swift */,
				OBJ_22 /* iOSTests.swift */,
				OBJ_23 /* macOSTests.swift */,
			);
			name = EasyStashTests;
			path = Tests/EasyStashTests;
			sourceTree = SOURCE_ROOT;
		};
		OBJ_24 /* Products */ = {
			isa = PBXGroup;
			children = (
				"EasyStash::EasyStashTests::Product" /* EasyStashTests.xctest */,
				"EasyStash::EasyStash::Product" /* EasyStash.framework */,
			);
			name = Products;
			sourceTree = BUILT_PRODUCTS_DIR;
		};
		OBJ_5 /*  */ = {
			isa = PBXGroup;
			children = (
				OBJ_6 /* Package.swift */,
				OBJ_7 /* Sources */,
				OBJ_15 /* Tests */,
				OBJ_24 /* Products */,
				OBJ_27 /* Screenshots */,
				OBJ_28 /* Example */,
				OBJ_29 /* Info */,
				OBJ_30 /* DerivedData */,
				OBJ_31 /* LICENSE.md */,
				OBJ_32 /* EasyStash.podspec */,
				OBJ_33 /* README.md */,
				OBJ_34 /* CONTRIBUTING.md */,
			);
			name = "";
			sourceTree = "<group>";
		};
		OBJ_7 /* Sources */ = {
			isa = PBXGroup;
			children = (
				OBJ_8 /* Options.swift */,
				OBJ_9 /* Storage+Codable.swift */,
				OBJ_10 /* Storage+Data.swift */,
				OBJ_11 /* Storage+Image.swift */,
				OBJ_12 /* Storage+Info.swift */,
				OBJ_13 /* Storage.swift */,
				OBJ_14 /* Utils.swift */,
			);
			path = Sources;
			sourceTree = SOURCE_ROOT;
		};
/* End PBXGroup section */

/* Begin PBXNativeTarget section */
		"EasyStash::EasyStash" /* EasyStash */ = {
			isa = PBXNativeTarget;
			buildConfigurationList = OBJ_36 /* Build configuration list for PBXNativeTarget "EasyStash" */;
			buildPhases = (
				OBJ_39 /* Sources */,
				OBJ_47 /* Frameworks */,
			);
			buildRules = (
			);
			dependencies = (
			);
			name = EasyStash;
			productName = EasyStash;
			productReference = "EasyStash::EasyStash::Product" /* EasyStash.framework */;
			productType = "com.apple.product-type.framework";
		};
		"EasyStash::EasyStashTests" /* EasyStashTests */ = {
			isa = PBXNativeTarget;
			buildConfigurationList = OBJ_60 /* Build configuration list for PBXNativeTarget "EasyStashTests" */;
			buildPhases = (
				OBJ_63 /* Sources */,
				OBJ_71 /* Frameworks */,
			);
			buildRules = (
			);
			dependencies = (
				OBJ_73 /* PBXTargetDependency */,
			);
			name = EasyStashTests;
			productName = EasyStashTests;
			productReference = "EasyStash::EasyStashTests::Product" /* EasyStashTests.xctest */;
			productType = "com.apple.product-type.bundle.unit-test";
		};
		"EasyStash::SwiftPMPackageDescription" /* EasyStashPackageDescription */ = {
			isa = PBXNativeTarget;
			buildConfigurationList = OBJ_49 /* Build configuration list for PBXNativeTarget "EasyStashPackageDescription" */;
			buildPhases = (
				OBJ_52 /* Sources */,
			);
			buildRules = (
			);
			dependencies = (
			);
			name = EasyStashPackageDescription;
			productName = EasyStashPackageDescription;
			productType = "com.apple.product-type.framework";
		};
/* End PBXNativeTarget section */

/* Begin PBXProject section */
		OBJ_1 /* Project object */ = {
			isa = PBXProject;
			attributes = {
				LastSwiftMigration = 9999;
				LastUpgradeCheck = 9999;
			};
			buildConfigurationList = OBJ_2 /* Build configuration list for PBXProject "EasyStash" */;
			compatibilityVersion = "Xcode 3.2";
			developmentRegion = en;
			hasScannedForEncodings = 0;
			knownRegions = (
				en,
			);
			mainGroup = OBJ_5 /*  */;
			productRefGroup = OBJ_24 /* Products */;
			projectDirPath = "";
			projectRoot = "";
			targets = (
				"EasyStash::EasyStash" /* EasyStash */,
				"EasyStash::SwiftPMPackageDescription" /* EasyStashPackageDescription */,
				"EasyStash::EasyStashPackageTests::ProductTarget" /* EasyStashPackageTests */,
				"EasyStash::EasyStashTests" /* EasyStashTests */,
			);
		};
/* End PBXProject section */

/* Begin PBXSourcesBuildPhase section */
		OBJ_39 /* Sources */ = {
			isa = PBXSourcesBuildPhase;
			buildActionMask = 0;
			files = (
				OBJ_40 /* Options.swift in Sources */,
				OBJ_41 /* Storage+Codable.swift in Sources */,
				OBJ_42 /* Storage+Data.swift in Sources */,
				OBJ_43 /* Storage+Image.swift in Sources */,
				OBJ_44 /* Storage+Info.swift in Sources */,
				OBJ_45 /* Storage.swift in Sources */,
				OBJ_46 /* Utils.swift in Sources */,
			);
			runOnlyForDeploymentPostprocessing = 0;
		};
		OBJ_52 /* Sources */ = {
			isa = PBXSourcesBuildPhase;
			buildActionMask = 0;
			files = (
				OBJ_53 /* Package.swift in Sources */,
			);
			runOnlyForDeploymentPostprocessing = 0;
		};
		OBJ_63 /* Sources */ = {
			isa = PBXSourcesBuildPhase;
			buildActionMask = 0;
			files = (
				OBJ_64 /* EasyStashTests.swift in Sources */,
				OBJ_65 /* ImageGenerate.swift in Sources */,
				OBJ_66 /* SharedTests.swift in Sources */,
				OBJ_67 /* User.swift in Sources */,
				OBJ_68 /* XCTestManifests.swift in Sources */,
				OBJ_69 /* iOSTests.swift in Sources */,
				OBJ_70 /* macOSTests.swift in Sources */,
			);
			runOnlyForDeploymentPostprocessing = 0;
		};
/* End PBXSourcesBuildPhase section */

/* Begin PBXTargetDependency section */
		OBJ_58 /* PBXTargetDependency */ = {
			isa = PBXTargetDependency;
			target = "EasyStash::EasyStashTests" /* EasyStashTests */;
			targetProxy = CE2C272123F9CC7C00AA2388 /* PBXContainerItemProxy */;
		};
		OBJ_73 /* PBXTargetDependency */ = {
			isa = PBXTargetDependency;
			target = "EasyStash::EasyStash" /* EasyStash */;
			targetProxy = CE2C272023F9CC7C00AA2388 /* PBXContainerItemProxy */;
		};
/* End PBXTargetDependency section */

/* Begin XCBuildConfiguration section */
		OBJ_3 /* Debug */ = {
			isa = XCBuildConfiguration;
			buildSettings = {
				CLANG_ENABLE_OBJC_ARC = YES;
				COMBINE_HIDPI_IMAGES = YES;
				COPY_PHASE_STRIP = NO;
				DEBUG_INFORMATION_FORMAT = dwarf;
				DYLIB_INSTALL_NAME_BASE = "@rpath";
				ENABLE_NS_ASSERTIONS = YES;
				GCC_OPTIMIZATION_LEVEL = 0;
				GCC_PREPROCESSOR_DEFINITIONS = (
					"$(inherited)",
					"SWIFT_PACKAGE=1",
					"DEBUG=1",
				);
				MACOSX_DEPLOYMENT_TARGET = 10.10;
				ONLY_ACTIVE_ARCH = YES;
				OTHER_SWIFT_FLAGS = "$(inherited) -DXcode";
				PRODUCT_NAME = "$(TARGET_NAME)";
				SDKROOT = macosx;
				SUPPORTED_PLATFORMS = "macosx iphoneos iphonesimulator appletvos appletvsimulator watchos watchsimulator";
				SWIFT_ACTIVE_COMPILATION_CONDITIONS = "$(inherited) SWIFT_PACKAGE DEBUG";
				SWIFT_OPTIMIZATION_LEVEL = "-Onone";
				USE_HEADERMAP = NO;
			};
			name = Debug;
		};
		OBJ_37 /* Debug */ = {
			isa = XCBuildConfiguration;
			buildSettings = {
				CURRENT_PROJECT_VERSION = 1;
				ENABLE_TESTABILITY = YES;
				FRAMEWORK_SEARCH_PATHS = (
					"$(inherited)",
					"$(PLATFORM_DIR)/Developer/Library/Frameworks",
				);
				HEADER_SEARCH_PATHS = "$(inherited)";
				INFOPLIST_FILE = EasyStash.xcodeproj/EasyStash_Info.plist;
				IPHONEOS_DEPLOYMENT_TARGET = 8.0;
				LD_RUNPATH_SEARCH_PATHS = "$(inherited) $(TOOLCHAIN_DIR)/usr/lib/swift/macosx";
				MACOSX_DEPLOYMENT_TARGET = 10.10;
				OTHER_CFLAGS = "$(inherited)";
				OTHER_LDFLAGS = "$(inherited)";
				OTHER_SWIFT_FLAGS = "$(inherited)";
				PRODUCT_BUNDLE_IDENTIFIER = EasyStash;
				PRODUCT_MODULE_NAME = "$(TARGET_NAME:c99extidentifier)";
				PRODUCT_NAME = "$(TARGET_NAME:c99extidentifier)";
				SKIP_INSTALL = YES;
				SWIFT_ACTIVE_COMPILATION_CONDITIONS = "$(inherited)";
				SWIFT_VERSION = 5.0;
				TARGET_NAME = EasyStash;
				TVOS_DEPLOYMENT_TARGET = 9.0;
				WATCHOS_DEPLOYMENT_TARGET = 2.0;
			};
			name = Debug;
		};
		OBJ_38 /* Release */ = {
			isa = XCBuildConfiguration;
			buildSettings = {
				CURRENT_PROJECT_VERSION = 1;
				ENABLE_TESTABILITY = YES;
				FRAMEWORK_SEARCH_PATHS = (
					"$(inherited)",
					"$(PLATFORM_DIR)/Developer/Library/Frameworks",
				);
				HEADER_SEARCH_PATHS = "$(inherited)";
				INFOPLIST_FILE = EasyStash.xcodeproj/EasyStash_Info.plist;
				IPHONEOS_DEPLOYMENT_TARGET = 8.0;
				LD_RUNPATH_SEARCH_PATHS = "$(inherited) $(TOOLCHAIN_DIR)/usr/lib/swift/macosx";
				MACOSX_DEPLOYMENT_TARGET = 10.10;
				OTHER_CFLAGS = "$(inherited)";
				OTHER_LDFLAGS = "$(inherited)";
				OTHER_SWIFT_FLAGS = "$(inherited)";
				PRODUCT_BUNDLE_IDENTIFIER = EasyStash;
				PRODUCT_MODULE_NAME = "$(TARGET_NAME:c99extidentifier)";
				PRODUCT_NAME = "$(TARGET_NAME:c99extidentifier)";
				SKIP_INSTALL = YES;
				SWIFT_ACTIVE_COMPILATION_CONDITIONS = "$(inherited)";
				SWIFT_VERSION = 5.0;
				TARGET_NAME = EasyStash;
				TVOS_DEPLOYMENT_TARGET = 9.0;
				WATCHOS_DEPLOYMENT_TARGET = 2.0;
			};
			name = Release;
		};
		OBJ_4 /* Release */ = {
			isa = XCBuildConfiguration;
			buildSettings = {
				CLANG_ENABLE_OBJC_ARC = YES;
				COMBINE_HIDPI_IMAGES = YES;
				COPY_PHASE_STRIP = YES;
				DEBUG_INFORMATION_FORMAT = "dwarf-with-dsym";
				DYLIB_INSTALL_NAME_BASE = "@rpath";
				GCC_OPTIMIZATION_LEVEL = s;
				GCC_PREPROCESSOR_DEFINITIONS = (
					"$(inherited)",
					"SWIFT_PACKAGE=1",
				);
				MACOSX_DEPLOYMENT_TARGET = 10.10;
				OTHER_SWIFT_FLAGS = "$(inherited) -DXcode";
				PRODUCT_NAME = "$(TARGET_NAME)";
				SDKROOT = macosx;
				SUPPORTED_PLATFORMS = "macosx iphoneos iphonesimulator appletvos appletvsimulator watchos watchsimulator";
				SWIFT_ACTIVE_COMPILATION_CONDITIONS = "$(inherited) SWIFT_PACKAGE";
				SWIFT_OPTIMIZATION_LEVEL = "-Owholemodule";
				USE_HEADERMAP = NO;
			};
			name = Release;
		};
		OBJ_50 /* Debug */ = {
			isa = XCBuildConfiguration;
			buildSettings = {
				LD = /usr/bin/true;
				OTHER_SWIFT_FLAGS = "-swift-version 5 -I $(TOOLCHAIN_DIR)/usr/lib/swift/pm/4_2 -target x86_64-apple-macosx10.10 -sdk /Applications/Xcode.app/Contents/Developer/Platforms/MacOSX.platform/Developer/SDKs/MacOSX10.15.sdk -package-description-version 5";
				SWIFT_VERSION = 5.0;
			};
			name = Debug;
		};
		OBJ_51 /* Release */ = {
			isa = XCBuildConfiguration;
			buildSettings = {
				LD = /usr/bin/true;
				OTHER_SWIFT_FLAGS = "-swift-version 5 -I $(TOOLCHAIN_DIR)/usr/lib/swift/pm/4_2 -target x86_64-apple-macosx10.10 -sdk /Applications/Xcode.app/Contents/Developer/Platforms/MacOSX.platform/Developer/SDKs/MacOSX10.15.sdk -package-description-version 5";
				SWIFT_VERSION = 5.0;
			};
			name = Release;
		};
		OBJ_56 /* Debug */ = {
			isa = XCBuildConfiguration;
			buildSettings = {
			};
			name = Debug;
		};
		OBJ_57 /* Release */ = {
			isa = XCBuildConfiguration;
			buildSettings = {
			};
			name = Release;
		};
		OBJ_61 /* Debug */ = {
			isa = XCBuildConfiguration;
			buildSettings = {
				CLANG_ENABLE_MODULES = YES;
				EMBEDDED_CONTENT_CONTAINS_SWIFT = YES;
				FRAMEWORK_SEARCH_PATHS = (
					"$(inherited)",
					"$(PLATFORM_DIR)/Developer/Library/Frameworks",
				);
				HEADER_SEARCH_PATHS = "$(inherited)";
				INFOPLIST_FILE = EasyStash.xcodeproj/EasyStashTests_Info.plist;
				IPHONEOS_DEPLOYMENT_TARGET = 8.0;
				LD_RUNPATH_SEARCH_PATHS = "$(inherited) @loader_path/../Frameworks @loader_path/Frameworks";
				MACOSX_DEPLOYMENT_TARGET = 10.10;
				OTHER_CFLAGS = "$(inherited)";
				OTHER_LDFLAGS = "$(inherited)";
				OTHER_SWIFT_FLAGS = "$(inherited)";
				SWIFT_ACTIVE_COMPILATION_CONDITIONS = "$(inherited)";
				SWIFT_VERSION = 5.0;
				TARGET_NAME = EasyStashTests;
				TVOS_DEPLOYMENT_TARGET = 9.0;
				WATCHOS_DEPLOYMENT_TARGET = 2.0;
			};
			name = Debug;
		};
		OBJ_62 /* Release */ = {
			isa = XCBuildConfiguration;
			buildSettings = {
				CLANG_ENABLE_MODULES = YES;
				EMBEDDED_CONTENT_CONTAINS_SWIFT = YES;
				FRAMEWORK_SEARCH_PATHS = (
					"$(inherited)",
					"$(PLATFORM_DIR)/Developer/Library/Frameworks",
				);
				HEADER_SEARCH_PATHS = "$(inherited)";
				INFOPLIST_FILE = EasyStash.xcodeproj/EasyStashTests_Info.plist;
				IPHONEOS_DEPLOYMENT_TARGET = 8.0;
				LD_RUNPATH_SEARCH_PATHS = "$(inherited) @loader_path/../Frameworks @loader_path/Frameworks";
				MACOSX_DEPLOYMENT_TARGET = 10.10;
				OTHER_CFLAGS = "$(inherited)";
				OTHER_LDFLAGS = "$(inherited)";
				OTHER_SWIFT_FLAGS = "$(inherited)";
				SWIFT_ACTIVE_COMPILATION_CONDITIONS = "$(inherited)";
				SWIFT_VERSION = 5.0;
				TARGET_NAME = EasyStashTests;
				TVOS_DEPLOYMENT_TARGET = 9.0;
				WATCHOS_DEPLOYMENT_TARGET = 2.0;
			};
			name = Release;
		};
/* End XCBuildConfiguration section */

/* Begin XCConfigurationList section */
		OBJ_2 /* Build configuration list for PBXProject "EasyStash" */ = {
			isa = XCConfigurationList;
			buildConfigurations = (
				OBJ_3 /* Debug */,
				OBJ_4 /* Release */,
			);
			defaultConfigurationIsVisible = 0;
			defaultConfigurationName = Release;
		};
		OBJ_36 /* Build configuration list for PBXNativeTarget "EasyStash" */ = {
			isa = XCConfigurationList;
			buildConfigurations = (
				OBJ_37 /* Debug */,
				OBJ_38 /* Release */,
			);
			defaultConfigurationIsVisible = 0;
			defaultConfigurationName = Release;
		};
		OBJ_49 /* Build configuration list for PBXNativeTarget "EasyStashPackageDescription" */ = {
			isa = XCConfigurationList;
			buildConfigurations = (
				OBJ_50 /* Debug */,
				OBJ_51 /* Release */,
			);
			defaultConfigurationIsVisible = 0;
			defaultConfigurationName = Release;
		};
		OBJ_55 /* Build configuration list for PBXAggregateTarget "EasyStashPackageTests" */ = {
			isa = XCConfigurationList;
			buildConfigurations = (
				OBJ_56 /* Debug */,
				OBJ_57 /* Release */,
			);
			defaultConfigurationIsVisible = 0;
			defaultConfigurationName = Release;
		};
		OBJ_60 /* Build configuration list for PBXNativeTarget "EasyStashTests" */ = {
			isa = XCConfigurationList;
			buildConfigurations = (
				OBJ_61 /* Debug */,
				OBJ_62 /* Release */,
			);
			defaultConfigurationIsVisible = 0;
			defaultConfigurationName = Release;
		};
/* End XCConfigurationList section */
	};
	rootObject = OBJ_1 /* Project object */;
}
