// !$*UTF8*$!
{
	archiveVersion = 1;
	classes = {
	};
	objectVersion = 46;
	objects = {

/* Begin PBXAggregateTarget section */
		"EasyStash::EasyStashPackageTests::ProductTarget" /* EasyStashPackageTests */ = {
			isa = PBXAggregateTarget;
			buildConfigurationList = OBJ_61 /* Build configuration list for PBXAggregateTarget "EasyStashPackageTests" */;
			buildPhases = (
			);
			dependencies = (
				OBJ_64 /* PBXTargetDependency */,
			);
			name = EasyStashPackageTests;
			productName = EasyStashPackageTests;
		};
/* End PBXAggregateTarget section */

/* Begin PBXBuildFile section */
		OBJ_46 /* Options.swift in Sources */ = {isa = PBXBuildFile; fileRef = OBJ_8 /* Options.swift */; };
		OBJ_47 /* Storage+Codable.swift in Sources */ = {isa = PBXBuildFile; fileRef = OBJ_9 /* Storage+Codable.swift */; };
		OBJ_48 /* Storage+Data.swift in Sources */ = {isa = PBXBuildFile; fileRef = OBJ_10 /* Storage+Data.swift */; };
		OBJ_49 /* Storage+Image.swift in Sources */ = {isa = PBXBuildFile; fileRef = OBJ_11 /* Storage+Image.swift */; };
		OBJ_50 /* Storage+Info.swift in Sources */ = {isa = PBXBuildFile; fileRef = OBJ_12 /* Storage+Info.swift */; };
		OBJ_51 /* Storage.swift in Sources */ = {isa = PBXBuildFile; fileRef = OBJ_13 /* Storage.swift */; };
		OBJ_52 /* Utils.swift in Sources */ = {isa = PBXBuildFile; fileRef = OBJ_14 /* Utils.swift */; };
		OBJ_59 /* Package.swift in Sources */ = {isa = PBXBuildFile; fileRef = OBJ_6 /* Package.swift */; };
		OBJ_70 /* ImageGenerate.swift in Sources */ = {isa = PBXBuildFile; fileRef = OBJ_21 /* ImageGenerate.swift */; };
		OBJ_71 /* SharedTests.swift in Sources */ = {isa = PBXBuildFile; fileRef = OBJ_22 /* SharedTests.swift */; };
		OBJ_72 /* User.swift in Sources */ = {isa = PBXBuildFile; fileRef = OBJ_23 /* User.swift */; };
		OBJ_73 /* iOSTests.swift in Sources */ = {isa = PBXBuildFile; fileRef = OBJ_25 /* iOSTests.swift */; };
		OBJ_74 /* macOSTests.swift in Sources */ = {isa = PBXBuildFile; fileRef = OBJ_27 /* macOSTests.swift */; };
		OBJ_75 /* tvOSTests.swift in Sources */ = {isa = PBXBuildFile; fileRef = OBJ_29 /* tvOSTests.swift */; };
/* End PBXBuildFile section */

/* Begin PBXContainerItemProxy section */
		68410EFB23360145009B5D40 /* PBXContainerItemProxy */ = {
			isa = PBXContainerItemProxy;
			containerPortal = OBJ_1 /* Project object */;
			proxyType = 1;
			remoteGlobalIDString = "EasyStash::EasyStash";
			remoteInfo = EasyStash;
		};
		68410EFC23360145009B5D40 /* PBXContainerItemProxy */ = {
			isa = PBXContainerItemProxy;
			containerPortal = OBJ_1 /* Project object */;
			proxyType = 1;
			remoteGlobalIDString = "EasyStash::EasyStashTests";
			remoteInfo = EasyStashTests;
		};
/* End PBXContainerItemProxy section */

/* Begin PBXFileReference section */
		"EasyStash::EasyStash::Product" /* EasyStash.framework */ = {isa = PBXFileReference; lastKnownFileType = wrapper.framework; name = EasyStash.framework; path = /Users/belle/Code/iOS/EasyStash/build/Debug/EasyStash.framework; sourceTree = "<absolute>"; };
		"EasyStash::EasyStashTests::Product" /* EasyStashTests.xctest */ = {isa = PBXFileReference; lastKnownFileType = file; name = EasyStashTests.xctest; path = /Users/belle/Code/iOS/EasyStash/build/Debug/EasyStashTests.xctest; sourceTree = "<absolute>"; };
		OBJ_10 /* Storage+Data.swift */ = {isa = PBXFileReference; lastKnownFileType = sourcecode.swift; path = "Storage+Data.swift"; sourceTree = "<group>"; };
		OBJ_11 /* Storage+Image.swift */ = {isa = PBXFileReference; lastKnownFileType = sourcecode.swift; path = "Storage+Image.swift"; sourceTree = "<group>"; };
		OBJ_12 /* Storage+Info.swift */ = {isa = PBXFileReference; lastKnownFileType = sourcecode.swift; path = "Storage+Info.swift"; sourceTree = "<group>"; };
		OBJ_13 /* Storage.swift */ = {isa = PBXFileReference; lastKnownFileType = sourcecode.swift; path = Storage.swift; sourceTree = "<group>"; };
		OBJ_14 /* Utils.swift */ = {isa = PBXFileReference; lastKnownFileType = sourcecode.swift; path = Utils.swift; sourceTree = "<group>"; };
		OBJ_17 /* Info-macOS-Tests.plist */ = {isa = PBXFileReference; lastKnownFileType = text.plist.xml; path = "Info-macOS-Tests.plist"; sourceTree = "<group>"; };
		OBJ_18 /* Info-iOS-Tests.plist */ = {isa = PBXFileReference; lastKnownFileType = text.plist.xml; path = "Info-iOS-Tests.plist"; sourceTree = "<group>"; };
		OBJ_19 /* Info-tvOS-Tests.plist */ = {isa = PBXFileReference; lastKnownFileType = text.plist.xml; path = "Info-tvOS-Tests.plist"; sourceTree = "<group>"; };
		OBJ_21 /* ImageGenerate.swift */ = {isa = PBXFileReference; lastKnownFileType = sourcecode.swift; path = ImageGenerate.swift; sourceTree = "<group>"; };
		OBJ_22 /* SharedTests.swift */ = {isa = PBXFileReference; lastKnownFileType = sourcecode.swift; path = SharedTests.swift; sourceTree = "<group>"; };
		OBJ_23 /* User.swift */ = {isa = PBXFileReference; lastKnownFileType = sourcecode.swift; path = User.swift; sourceTree = "<group>"; };
		OBJ_25 /* iOSTests.swift */ = {isa = PBXFileReference; lastKnownFileType = sourcecode.swift; path = iOSTests.swift; sourceTree = "<group>"; };
		OBJ_27 /* macOSTests.swift */ = {isa = PBXFileReference; lastKnownFileType = sourcecode.swift; path = macOSTests.swift; sourceTree = "<group>"; };
		OBJ_29 /* tvOSTests.swift */ = {isa = PBXFileReference; lastKnownFileType = sourcecode.swift; path = tvOSTests.swift; sourceTree = "<group>"; };
		OBJ_33 /* Screenshots */ = {isa = PBXFileReference; lastKnownFileType = folder; path = Screenshots; sourceTree = SOURCE_ROOT; };
		OBJ_34 /* Example */ = {isa = PBXFileReference; lastKnownFileType = folder; path = Example; sourceTree = SOURCE_ROOT; };
		OBJ_35 /* Info */ = {isa = PBXFileReference; lastKnownFileType = folder; path = Info; sourceTree = SOURCE_ROOT; };
		OBJ_36 /* EasyStashTests */ = {isa = PBXFileReference; lastKnownFileType = folder; path = EasyStashTests; sourceTree = SOURCE_ROOT; };
		OBJ_37 /* LICENSE.md */ = {isa = PBXFileReference; lastKnownFileType = net.daringfireball.markdown; path = LICENSE.md; sourceTree = "<group>"; };
		OBJ_38 /* EasyStash.podspec */ = {isa = PBXFileReference; lastKnownFileType = text; path = EasyStash.podspec; sourceTree = "<group>"; };
		OBJ_39 /* README.md */ = {isa = PBXFileReference; lastKnownFileType = net.daringfireball.markdown; path = README.md; sourceTree = "<group>"; };
		OBJ_40 /* CONTRIBUTING.md */ = {isa = PBXFileReference; lastKnownFileType = net.daringfireball.markdown; path = CONTRIBUTING.md; sourceTree = "<group>"; };
		OBJ_6 /* Package.swift */ = {isa = PBXFileReference; explicitFileType = sourcecode.swift; path = Package.swift; sourceTree = "<group>"; };
		OBJ_8 /* Options.swift */ = {isa = PBXFileReference; lastKnownFileType = sourcecode.swift; path = Options.swift; sourceTree = "<group>"; };
		OBJ_9 /* Storage+Codable.swift */ = {isa = PBXFileReference; lastKnownFileType = sourcecode.swift; path = "Storage+Codable.swift"; sourceTree = "<group>"; };
/* End PBXFileReference section */

/* Begin PBXFrameworksBuildPhase section */
		OBJ_53 /* Frameworks */ = {
			isa = PBXFrameworksBuildPhase;
			buildActionMask = 0;
			files = (
			);
			runOnlyForDeploymentPostprocessing = 0;
		};
		OBJ_76 /* Frameworks */ = {
			isa = PBXFrameworksBuildPhase;
			buildActionMask = 0;
			files = (
			);
			runOnlyForDeploymentPostprocessing = 0;
		};
/* End PBXFrameworksBuildPhase section */

/* Begin PBXGroup section */
		OBJ_15 /* Tests */ = {
			isa = PBXGroup;
			children = (
				OBJ_16 /* EasyStashTests */,
			);
			name = Tests;
			sourceTree = SOURCE_ROOT;
		};
		OBJ_16 /* EasyStashTests */ = {
			isa = PBXGroup;
			children = (
				OBJ_17 /* Info-macOS-Tests.plist */,
				OBJ_18 /* Info-iOS-Tests.plist */,
				OBJ_19 /* Info-tvOS-Tests.plist */,
				OBJ_20 /* Shared */,
				OBJ_24 /* iOS */,
				OBJ_26 /* macOS */,
				OBJ_28 /* tvOS */,
			);
			path = EasyStashTests;
			sourceTree = SOURCE_ROOT;
		};
		OBJ_20 /* Shared */ = {
			isa = PBXGroup;
			children = (
				OBJ_21 /* ImageGenerate.swift */,
				OBJ_22 /* SharedTests.swift */,
				OBJ_23 /* User.swift */,
			);
			path = Shared;
			sourceTree = "<group>";
		};
		OBJ_24 /* iOS */ = {
			isa = PBXGroup;
			children = (
				OBJ_25 /* iOSTests.swift */,
			);
			path = iOS;
			sourceTree = "<group>";
		};
		OBJ_26 /* macOS */ = {
			isa = PBXGroup;
			children = (
				OBJ_27 /* macOSTests.swift */,
			);
			path = macOS;
			sourceTree = "<group>";
		};
		OBJ_28 /* tvOS */ = {
			isa = PBXGroup;
			children = (
				OBJ_29 /* tvOSTests.swift */,
			);
			path = tvOS;
			sourceTree = "<group>";
		};
		OBJ_5 /*  */ = {
			isa = PBXGroup;
			children = (
				OBJ_6 /* Package.swift */,
				OBJ_7 /* Sources */,
				OBJ_15 /* Tests */,
				OBJ_33 /* Screenshots */,
				OBJ_34 /* Example */,
				OBJ_35 /* Info */,
				OBJ_36 /* EasyStashTests */,
				OBJ_37 /* LICENSE.md */,
				OBJ_38 /* EasyStash.podspec */,
				OBJ_39 /* README.md */,
				OBJ_40 /* CONTRIBUTING.md */,
			);
			name = "";
			sourceTree = "<group>";
		};
		OBJ_7 /* Sources */ = {
			isa = PBXGroup;
			children = (
				OBJ_8 /* Options.swift */,
				OBJ_9 /* Storage+Codable.swift */,
				OBJ_10 /* Storage+Data.swift */,
				OBJ_11 /* Storage+Image.swift */,
				OBJ_12 /* Storage+Info.swift */,
				OBJ_13 /* Storage.swift */,
				OBJ_14 /* Utils.swift */,
			);
			path = Sources;
			sourceTree = SOURCE_ROOT;
		};
/* End PBXGroup section */

/* Begin PBXNativeTarget section */
		"EasyStash::EasyStash" /* EasyStash */ = {
			isa = PBXNativeTarget;
			buildConfigurationList = OBJ_42 /* Build configuration list for PBXNativeTarget "EasyStash" */;
			buildPhases = (
				OBJ_45 /* Sources */,
				OBJ_53 /* Frameworks */,
			);
			buildRules = (
			);
			dependencies = (
			);
			name = EasyStash;
			productName = EasyStash;
			productReference = "EasyStash::EasyStash::Product" /* EasyStash.framework */;
			productType = "com.apple.product-type.framework";
		};
		"EasyStash::EasyStashTests" /* EasyStashTests */ = {
			isa = PBXNativeTarget;
			buildConfigurationList = OBJ_66 /* Build configuration list for PBXNativeTarget "EasyStashTests" */;
			buildPhases = (
				OBJ_69 /* Sources */,
				OBJ_76 /* Frameworks */,
			);
			buildRules = (
			);
			dependencies = (
				OBJ_78 /* PBXTargetDependency */,
			);
			name = EasyStashTests;
			productName = EasyStashTests;
			productReference = "EasyStash::EasyStashTests::Product" /* EasyStashTests.xctest */;
			productType = "com.apple.product-type.bundle.unit-test";
		};
		"EasyStash::SwiftPMPackageDescription" /* EasyStashPackageDescription */ = {
			isa = PBXNativeTarget;
			buildConfigurationList = OBJ_55 /* Build configuration list for PBXNativeTarget "EasyStashPackageDescription" */;
			buildPhases = (
				OBJ_58 /* Sources */,
			);
			buildRules = (
			);
			dependencies = (
			);
			name = EasyStashPackageDescription;
			productName = EasyStashPackageDescription;
			productType = "com.apple.product-type.framework";
		};
/* End PBXNativeTarget section */

/* Begin PBXProject section */
		OBJ_1 /* Project object */ = {
			isa = PBXProject;
			attributes = {
				LastSwiftMigration = 9999;
				LastUpgradeCheck = 9999;
			};
			buildConfigurationList = OBJ_2 /* Build configuration list for PBXProject "EasyStash" */;
			compatibilityVersion = "Xcode 3.2";
			developmentRegion = English;
			hasScannedForEncodings = 0;
			knownRegions = (
				English,
				en,
			);
			mainGroup = OBJ_5 /*  */;
			productRefGroup = OBJ_5 /*  */;
			projectDirPath = "";
			projectRoot = "";
			targets = (
				"EasyStash::EasyStash" /* EasyStash */,
				"EasyStash::SwiftPMPackageDescription" /* EasyStashPackageDescription */,
				"EasyStash::EasyStashPackageTests::ProductTarget" /* EasyStashPackageTests */,
				"EasyStash::EasyStashTests" /* EasyStashTests */,
			);
		};
/* End PBXProject section */

/* Begin PBXSourcesBuildPhase section */
		OBJ_45 /* Sources */ = {
			isa = PBXSourcesBuildPhase;
			buildActionMask = 0;
			files = (
				OBJ_46 /* Options.swift in Sources */,
				OBJ_47 /* Storage+Codable.swift in Sources */,
				OBJ_48 /* Storage+Data.swift in Sources */,
				OBJ_49 /* Storage+Image.swift in Sources */,
				OBJ_50 /* Storage+Info.swift in Sources */,
				OBJ_51 /* Storage.swift in Sources */,
				OBJ_52 /* Utils.swift in Sources */,
			);
			runOnlyForDeploymentPostprocessing = 0;
		};
		OBJ_58 /* Sources */ = {
			isa = PBXSourcesBuildPhase;
			buildActionMask = 0;
			files = (
				OBJ_59 /* Package.swift in Sources */,
			);
			runOnlyForDeploymentPostprocessing = 0;
		};
		OBJ_69 /* Sources */ = {
			isa = PBXSourcesBuildPhase;
			buildActionMask = 0;
			files = (
				OBJ_70 /* ImageGenerate.swift in Sources */,
				OBJ_71 /* SharedTests.swift in Sources */,
				OBJ_72 /* User.swift in Sources */,
				OBJ_73 /* iOSTests.swift in Sources */,
				OBJ_74 /* macOSTests.swift in Sources */,
				OBJ_75 /* tvOSTests.swift in Sources */,
			);
			runOnlyForDeploymentPostprocessing = 0;
		};
/* End PBXSourcesBuildPhase section */

/* Begin PBXTargetDependency section */
		OBJ_64 /* PBXTargetDependency */ = {
			isa = PBXTargetDependency;
			target = "EasyStash::EasyStashTests" /* EasyStashTests */;
			targetProxy = 68410EFC23360145009B5D40 /* PBXContainerItemProxy */;
		};
		OBJ_78 /* PBXTargetDependency */ = {
			isa = PBXTargetDependency;
			target = "EasyStash::EasyStash" /* EasyStash */;
			targetProxy = 68410EFB23360145009B5D40 /* PBXContainerItemProxy */;
		};
/* End PBXTargetDependency section */

/* Begin XCBuildConfiguration section */
		OBJ_3 /* Debug */ = {
			isa = XCBuildConfiguration;
			buildSettings = {
				CLANG_ENABLE_OBJC_ARC = YES;
				COMBINE_HIDPI_IMAGES = YES;
				COPY_PHASE_STRIP = NO;
				DEBUG_INFORMATION_FORMAT = dwarf;
				DYLIB_INSTALL_NAME_BASE = "@rpath";
				ENABLE_NS_ASSERTIONS = YES;
				GCC_OPTIMIZATION_LEVEL = 0;
				GCC_PREPROCESSOR_DEFINITIONS = (
					"$(inherited)",
					"SWIFT_PACKAGE=1",
					"DEBUG=1",
				);
				MACOSX_DEPLOYMENT_TARGET = 10.10;
				ONLY_ACTIVE_ARCH = YES;
				OTHER_SWIFT_FLAGS = "-DXcode";
				PRODUCT_NAME = "$(TARGET_NAME)";
				SDKROOT = macosx;
				SUPPORTED_PLATFORMS = "macosx iphoneos iphonesimulator appletvos appletvsimulator watchos watchsimulator";
				SWIFT_ACTIVE_COMPILATION_CONDITIONS = "$(inherited) SWIFT_PACKAGE DEBUG";
				SWIFT_OPTIMIZATION_LEVEL = "-Onone";
				USE_HEADERMAP = NO;
			};
			name = Debug;
		};
		OBJ_4 /* Release */ = {
			isa = XCBuildConfiguration;
			buildSettings = {
				CLANG_ENABLE_OBJC_ARC = YES;
				COMBINE_HIDPI_IMAGES = YES;
				COPY_PHASE_STRIP = YES;
				DEBUG_INFORMATION_FORMAT = "dwarf-with-dsym";
				DYLIB_INSTALL_NAME_BASE = "@rpath";
				GCC_OPTIMIZATION_LEVEL = s;
				GCC_PREPROCESSOR_DEFINITIONS = (
					"$(inherited)",
					"SWIFT_PACKAGE=1",
				);
				MACOSX_DEPLOYMENT_TARGET = 10.10;
				OTHER_SWIFT_FLAGS = "-DXcode";
				PRODUCT_NAME = "$(TARGET_NAME)";
				SDKROOT = macosx;
				SUPPORTED_PLATFORMS = "macosx iphoneos iphonesimulator appletvos appletvsimulator watchos watchsimulator";
				SWIFT_ACTIVE_COMPILATION_CONDITIONS = "$(inherited) SWIFT_PACKAGE";
				SWIFT_OPTIMIZATION_LEVEL = "-Owholemodule";
				USE_HEADERMAP = NO;
			};
			name = Release;
		};
		OBJ_43 /* Debug */ = {
			isa = XCBuildConfiguration;
			buildSettings = {
				ENABLE_TESTABILITY = YES;
				FRAMEWORK_SEARCH_PATHS = (
					"$(inherited)",
					"$(PLATFORM_DIR)/Developer/Library/Frameworks",
				);
				HEADER_SEARCH_PATHS = "$(inherited)";
				INFOPLIST_FILE = EasyStash.xcodeproj/EasyStash_Info.plist;
				IPHONEOS_DEPLOYMENT_TARGET = 8.0;
				LD_RUNPATH_SEARCH_PATHS = "$(inherited) $(TOOLCHAIN_DIR)/usr/lib/swift/macosx";
				MACOSX_DEPLOYMENT_TARGET = 10.10;
				OTHER_CFLAGS = "$(inherited)";
				OTHER_LDFLAGS = "$(inherited)";
				OTHER_SWIFT_FLAGS = "$(inherited)";
				PRODUCT_BUNDLE_IDENTIFIER = EasyStash;
				PRODUCT_MODULE_NAME = "$(TARGET_NAME:c99extidentifier)";
				PRODUCT_NAME = "$(TARGET_NAME:c99extidentifier)";
				SKIP_INSTALL = YES;
				SWIFT_ACTIVE_COMPILATION_CONDITIONS = "$(inherited)";
				SWIFT_VERSION = 5.0;
				TARGET_NAME = EasyStash;
				TVOS_DEPLOYMENT_TARGET = 9.0;
				WATCHOS_DEPLOYMENT_TARGET = 2.0;
			};
			name = Debug;
		};
		OBJ_44 /* Release */ = {
			isa = XCBuildConfiguration;
			buildSettings = {
				ENABLE_TESTABILITY = YES;
				FRAMEWORK_SEARCH_PATHS = (
					"$(inherited)",
					"$(PLATFORM_DIR)/Developer/Library/Frameworks",
				);
				HEADER_SEARCH_PATHS = "$(inherited)";
				INFOPLIST_FILE = EasyStash.xcodeproj/EasyStash_Info.plist;
				IPHONEOS_DEPLOYMENT_TARGET = 8.0;
				LD_RUNPATH_SEARCH_PATHS = "$(inherited) $(TOOLCHAIN_DIR)/usr/lib/swift/macosx";
				MACOSX_DEPLOYMENT_TARGET = 10.10;
				OTHER_CFLAGS = "$(inherited)";
				OTHER_LDFLAGS = "$(inherited)";
				OTHER_SWIFT_FLAGS = "$(inherited)";
				PRODUCT_BUNDLE_IDENTIFIER = EasyStash;
				PRODUCT_MODULE_NAME = "$(TARGET_NAME:c99extidentifier)";
				PRODUCT_NAME = "$(TARGET_NAME:c99extidentifier)";
				SKIP_INSTALL = YES;
				SWIFT_ACTIVE_COMPILATION_CONDITIONS = "$(inherited)";
				SWIFT_VERSION = 5.0;
				TARGET_NAME = EasyStash;
				TVOS_DEPLOYMENT_TARGET = 9.0;
				WATCHOS_DEPLOYMENT_TARGET = 2.0;
			};
			name = Release;
		};
		OBJ_56 /* Debug */ = {
			isa = XCBuildConfiguration;
			buildSettings = {
				LD = /usr/bin/true;
				OTHER_SWIFT_FLAGS = "-swift-version 5 -I $(TOOLCHAIN_DIR)/usr/lib/swift/pm/4_2 -target x86_64-apple-macosx10.10 -sdk /Applications/Xcode.app/Contents/Developer/Platforms/MacOSX.platform/Developer/SDKs/MacOSX10.14.sdk";
				SWIFT_VERSION = 5.0;
			};
			name = Debug;
		};
		OBJ_57 /* Release */ = {
			isa = XCBuildConfiguration;
			buildSettings = {
				LD = /usr/bin/true;
				OTHER_SWIFT_FLAGS = "-swift-version 5 -I $(TOOLCHAIN_DIR)/usr/lib/swift/pm/4_2 -target x86_64-apple-macosx10.10 -sdk /Applications/Xcode.app/Contents/Developer/Platforms/MacOSX.platform/Developer/SDKs/MacOSX10.14.sdk";
				SWIFT_VERSION = 5.0;
			};
			name = Release;
		};
		OBJ_62 /* Debug */ = {
			isa = XCBuildConfiguration;
			buildSettings = {
			};
			name = Debug;
		};
		OBJ_63 /* Release */ = {
			isa = XCBuildConfiguration;
			buildSettings = {
			};
			name = Release;
		};
		OBJ_67 /* Debug */ = {
			isa = XCBuildConfiguration;
			buildSettings = {
				CLANG_ENABLE_MODULES = YES;
				EMBEDDED_CONTENT_CONTAINS_SWIFT = YES;
				FRAMEWORK_SEARCH_PATHS = (
					"$(inherited)",
					"$(PLATFORM_DIR)/Developer/Library/Frameworks",
				);
				HEADER_SEARCH_PATHS = "$(inherited)";
				INFOPLIST_FILE = EasyStash.xcodeproj/EasyStashTests_Info.plist;
				IPHONEOS_DEPLOYMENT_TARGET = 8.0;
				LD_RUNPATH_SEARCH_PATHS = "$(inherited) @loader_path/../Frameworks @loader_path/Frameworks";
				MACOSX_DEPLOYMENT_TARGET = 10.10;
				OTHER_CFLAGS = "$(inherited)";
				OTHER_LDFLAGS = "$(inherited)";
				OTHER_SWIFT_FLAGS = "$(inherited)";
				SWIFT_ACTIVE_COMPILATION_CONDITIONS = "$(inherited)";
				SWIFT_VERSION = 5.0;
				TARGET_NAME = EasyStashTests;
				TVOS_DEPLOYMENT_TARGET = 9.0;
				WATCHOS_DEPLOYMENT_TARGET = 2.0;
			};
			name = Debug;
		};
		OBJ_68 /* Release */ = {
			isa = XCBuildConfiguration;
			buildSettings = {
				CLANG_ENABLE_MODULES = YES;
				EMBEDDED_CONTENT_CONTAINS_SWIFT = YES;
				FRAMEWORK_SEARCH_PATHS = (
					"$(inherited)",
					"$(PLATFORM_DIR)/Developer/Library/Frameworks",
				);
				HEADER_SEARCH_PATHS = "$(inherited)";
				INFOPLIST_FILE = EasyStash.xcodeproj/EasyStashTests_Info.plist;
				IPHONEOS_DEPLOYMENT_TARGET = 8.0;
				LD_RUNPATH_SEARCH_PATHS = "$(inherited) @loader_path/../Frameworks @loader_path/Frameworks";
				MACOSX_DEPLOYMENT_TARGET = 10.10;
				OTHER_CFLAGS = "$(inherited)";
				OTHER_LDFLAGS = "$(inherited)";
				OTHER_SWIFT_FLAGS = "$(inherited)";
				SWIFT_ACTIVE_COMPILATION_CONDITIONS = "$(inherited)";
				SWIFT_VERSION = 5.0;
				TARGET_NAME = EasyStashTests;
				TVOS_DEPLOYMENT_TARGET = 9.0;
				WATCHOS_DEPLOYMENT_TARGET = 2.0;
			};
			name = Release;
		};
/* End XCBuildConfiguration section */

/* Begin XCConfigurationList section */
		OBJ_2 /* Build configuration list for PBXProject "EasyStash" */ = {
			isa = XCConfigurationList;
			buildConfigurations = (
				OBJ_3 /* Debug */,
				OBJ_4 /* Release */,
			);
			defaultConfigurationIsVisible = 0;
			defaultConfigurationName = Release;
		};
		OBJ_42 /* Build configuration list for PBXNativeTarget "EasyStash" */ = {
			isa = XCConfigurationList;
			buildConfigurations = (
				OBJ_43 /* Debug */,
				OBJ_44 /* Release */,
			);
			defaultConfigurationIsVisible = 0;
			defaultConfigurationName = Release;
		};
		OBJ_55 /* Build configuration list for PBXNativeTarget "EasyStashPackageDescription" */ = {
			isa = XCConfigurationList;
			buildConfigurations = (
				OBJ_56 /* Debug */,
				OBJ_57 /* Release */,
			);
			defaultConfigurationIsVisible = 0;
			defaultConfigurationName = Release;
		};
		OBJ_61 /* Build configuration list for PBXAggregateTarget "EasyStashPackageTests" */ = {
			isa = XCConfigurationList;
			buildConfigurations = (
				OBJ_62 /* Debug */,
				OBJ_63 /* Release */,
			);
			defaultConfigurationIsVisible = 0;
			defaultConfigurationName = Release;
		};
		OBJ_66 /* Build configuration list for PBXNativeTarget "EasyStashTests" */ = {
			isa = XCConfigurationList;
			buildConfigurations = (
				OBJ_67 /* Debug */,
				OBJ_68 /* Release */,
			);
			defaultConfigurationIsVisible = 0;
			defaultConfigurationName = Release;
		};
/* End XCConfigurationList section */
	};
	rootObject = OBJ_1 /* Project object */;
}
